
Microsoft Visual Studio Solution File, Format Version 12.00
# Visual Studio Version 18
VisualStudioVersion = 18.5.11723.231 stable
MinimumVisualStudioVersion = 10.0.40219.1
Project("{FAE04EC0-301F-11D3-BF4B-00C04F79EFBC}") = "PorianMod", "PorianMod.csproj", "{B6AD98D7-E81C-E2E1-BD29-1696DADDBC56}"
EndProject
Global
	GlobalSection(SolutionConfigurationPlatforms) = preSolution
		Debug|Any CPU = Debug|Any CPU
		Release|Any CPU = Release|Any CPU
	EndGlobalSection
	GlobalSection(ProjectConfigurationPlatforms) = postSolution
		{B6AD98D7-E81C-E2E1-BD29-1696DADDBC56}.Debug|Any CPU.ActiveCfg = Debug|Any CPU
		{B6AD98D7-E81C-E2E1-BD29-1696DADDBC56}.Debug|Any CPU.Build.0 = Debug|Any CPU
		{B6AD98D7-E81C-E2E1-BD29-1696DADDBC56}.Release|Any CPU.ActiveCfg = Release|Any CPU
		{B6AD98D7-E81C-E2E1-BD29-1696DADDBC56}.Release|Any CPU.Build.0 = Release|Any CPU
	EndGlobalSection
	GlobalSection(SolutionProperties) = preSolution
		HideSolutionNode = FALSE
	EndGlobalSection
	GlobalSection(ExtensibilityGlobals) = postSolution
		SolutionGuid = {1C001CE8-FC1A-418D-A90C-6CC0D3E13357}
	EndGlobalSection
EndGlobal
